// !$*UTF8*$!
{
	archiveVersion = 1;
	classes = {
	};
	objectVersion = 46;
	objects = {

/* Begin PBXBuildFile section */
		3383B2871CE540A6003504F8 /* AppDelegate.swift in Sources */ = {isa = PBXBuildFile; fileRef = 3383B2861CE540A6003504F8 /* AppDelegate.swift */; };
		3383B2891CE540A6003504F8 /* ViewController.swift in Sources */ = {isa = PBXBuildFile; fileRef = 3383B2881CE540A6003504F8 /* ViewController.swift */; };
		3383B28C1CE540A6003504F8 /* Main.storyboard in Resources */ = {isa = PBXBuildFile; fileRef = 3383B28A1CE540A6003504F8 /* Main.storyboard */; };
		3383B28E1CE540A6003504F8 /* Assets.xcassets in Resources */ = {isa = PBXBuildFile; fileRef = 3383B28D1CE540A6003504F8 /* Assets.xcassets */; };
		3383B2911CE540A6003504F8 /* LaunchScreen.storyboard in Resources */ = {isa = PBXBuildFile; fileRef = 3383B28F1CE540A6003504F8 /* LaunchScreen.storyboard */; };
		3383B2991CE54DA9003504F8 /* DragImg.swift in Sources */ = {isa = PBXBuildFile; fileRef = 3383B2981CE54DA9003504F8 /* DragImg.swift */; };
		3383B29B1CE56803003504F8 /* monsterImg.swift in Sources */ = {isa = PBXBuildFile; fileRef = 3383B29A1CE56803003504F8 /* monsterImg.swift */; };
		3383B2A11CE57B50003504F8 /* bite.wav in Resources */ = {isa = PBXBuildFile; fileRef = 3383B29C1CE57B50003504F8 /* bite.wav */; };
		3383B2A21CE57B50003504F8 /* skull.wav in Resources */ = {isa = PBXBuildFile; fileRef = 3383B29D1CE57B50003504F8 /* skull.wav */; };
		3383B2A31CE57B50003504F8 /* death.wav in Resources */ = {isa = PBXBuildFile; fileRef = 3383B29E1CE57B50003504F8 /* death.wav */; };
		3383B2A41CE57B50003504F8 /* heart.wav in Resources */ = {isa = PBXBuildFile; fileRef = 3383B29F1CE57B50003504F8 /* heart.wav */; };
		3383B2A51CE57B50003504F8 /* cave-music.mp3 in Resources */ = {isa = PBXBuildFile; fileRef = 3383B2A01CE57B50003504F8 /* cave-music.mp3 */; };
/* End PBXBuildFile section */

/* Begin PBXFileReference section */
		3383B2831CE540A6003504F8 /* mylittlemonster.app */ = {isa = PBXFileReference; explicitFileType = wrapper.application; includeInIndex = 0; path = mylittlemonster.app; sourceTree = BUILT_PRODUCTS_DIR; };
		3383B2861CE540A6003504F8 /* AppDelegate.swift */ = {isa = PBXFileReference; lastKnownFileType = sourcecode.swift; path = AppDelegate.swift; sourceTree = "<group>"; };
		3383B2881CE540A6003504F8 /* ViewController.swift */ = {isa = PBXFileReference; lastKnownFileType = sourcecode.swift; path = ViewController.swift; sourceTree = "<group>"; };
		3383B28B1CE540A6003504F8 /* Base */ = {isa = PBXFileReference; lastKnownFileType = file.storyboard; name = Base; path = Base.lproj/Main.storyboard; sourceTree = "<group>"; };
		3383B28D1CE540A6003504F8 /* Assets.xcassets */ = {isa = PBXFileReference; lastKnownFileType = folder.assetcatalog; path = Assets.xcassets; sourceTree = "<group>"; };
		3383B2901CE540A6003504F8 /* Base */ = {isa = PBXFileReference; lastKnownFileType = file.storyboard; name = Base; path = Base.lproj/LaunchScreen.storyboard; sourceTree = "<group>"; };
		3383B2921CE540A6003504F8 /* Info.plist */ = {isa = PBXFileReference; lastKnownFileType = text.plist.xml; path = Info.plist; sourceTree = "<group>"; };
		3383B2981CE54DA9003504F8 /* DragImg.swift */ = {isa = PBXFileReference; fileEncoding = 4; lastKnownFileType = sourcecode.swift; path = DragImg.swift; sourceTree = "<group>"; };
		3383B29A1CE56803003504F8 /* monsterImg.swift */ = {isa = PBXFileReference; fileEncoding = 4; lastKnownFileType = sourcecode.swift; path = monsterImg.swift; sourceTree = "<group>"; };
		3383B29C1CE57B50003504F8 /* bite.wav */ = {isa = PBXFileReference; lastKnownFileType = audio.wav; path = bite.wav; sourceTree = "<group>"; };
		3383B29D1CE57B50003504F8 /* skull.wav */ = {isa = PBXFileReference; lastKnownFileType = audio.wav; path = skull.wav; sourceTree = "<group>"; };
		3383B29E1CE57B50003504F8 /* death.wav */ = {isa = PBXFileReference; lastKnownFileType = audio.wav; path = death.wav; sourceTree = "<group>"; };
		3383B29F1CE57B50003504F8 /* heart.wav */ = {isa = PBXFileReference; lastKnownFileType = audio.wav; path = heart.wav; sourceTree = "<group>"; };
		3383B2A01CE57B50003504F8 /* cave-music.mp3 */ = {isa = PBXFileReference; lastKnownFileType = audio.mp3; path = "cave-music.mp3"; sourceTree = "<group>"; };
/* End PBXFileReference section */

/* Begin PBXFrameworksBuildPhase section */
		3383B2801CE540A6003504F8 /* Frameworks */ = {
			isa = PBXFrameworksBuildPhase;
			buildActionMask = 2147483647;
			files = (
			);
			runOnlyForDeploymentPostprocessing = 0;
		};
/* End PBXFrameworksBuildPhase section */

/* Begin PBXGroup section */
		3383B27A1CE540A6003504F8 = {
			isa = PBXGroup;
			children = (
				3383B2851CE540A6003504F8 /* mylittlemonster */,
				3383B2841CE540A6003504F8 /* Products */,
			);
			sourceTree = "<group>";
		};
		3383B2841CE540A6003504F8 /* Products */ = {
			isa = PBXGroup;
			children = (
				3383B2831CE540A6003504F8 /* mylittlemonster.app */,
			);
			name = Products;
			sourceTree = "<group>";
		};
		3383B2851CE540A6003504F8 /* mylittlemonster */ = {
			isa = PBXGroup;
			children = (
				3383B29C1CE57B50003504F8 /* bite.wav */,
				3383B29D1CE57B50003504F8 /* skull.wav */,
				3383B29E1CE57B50003504F8 /* death.wav */,
				3383B29F1CE57B50003504F8 /* heart.wav */,
				3383B2A01CE57B50003504F8 /* cave-music.mp3 */,
				3383B2861CE540A6003504F8 /* AppDelegate.swift */,
				3383B2881CE540A6003504F8 /* ViewController.swift */,
				3383B29A1CE56803003504F8 /* monsterImg.swift */,
				3383B2981CE54DA9003504F8 /* DragImg.swift */,
				3383B28A1CE540A6003504F8 /* Main.storyboard */,
				3383B28D1CE540A6003504F8 /* Assets.xcassets */,
				3383B28F1CE540A6003504F8 /* LaunchScreen.storyboard */,
				3383B2921CE540A6003504F8 /* Info.plist */,
			);
			path = mylittlemonster;
			sourceTree = "<group>";
		};
/* End PBXGroup section */

/* Begin PBXNativeTarget section */
		3383B2821CE540A6003504F8 /* mylittlemonster */ = {
			isa = PBXNativeTarget;
			buildConfigurationList = 3383B2951CE540A6003504F8 /* Build configuration list for PBXNativeTarget "mylittlemonster" */;
			buildPhases = (
				3383B27F1CE540A6003504F8 /* Sources */,
				3383B2801CE540A6003504F8 /* Frameworks */,
				3383B2811CE540A6003504F8 /* Resources */,
			);
			buildRules = (
			);
			dependencies = (
			);
			name = mylittlemonster;
			productName = mylittlemonster;
			productReference = 3383B2831CE540A6003504F8 /* mylittlemonster.app */;
			productType = "com.apple.product-type.application";
		};
/* End PBXNativeTarget section */

/* Begin PBXProject section */
		3383B27B1CE540A6003504F8 /* Project object */ = {
			isa = PBXProject;
			attributes = {
				LastSwiftUpdateCheck = 0730;
				LastUpgradeCheck = 0730;
				ORGANIZATIONNAME = "Ellen Shin";
				TargetAttributes = {
					3383B2821CE540A6003504F8 = {
						CreatedOnToolsVersion = 7.3;
					};
				};
			};
			buildConfigurationList = 3383B27E1CE540A6003504F8 /* Build configuration list for PBXProject "mylittlemonster" */;
			compatibilityVersion = "Xcode 3.2";
			developmentRegion = English;
			hasScannedForEncodings = 0;
			knownRegions = (
				en,
				Base,
			);
			mainGroup = 3383B27A1CE540A6003504F8;
			productRefGroup = 3383B2841CE540A6003504F8 /* Products */;
			projectDirPath = "";
			projectRoot = "";
			targets = (
				3383B2821CE540A6003504F8 /* mylittlemonster */,
			);
		};
/* End PBXProject section */

/* Begin PBXResourcesBuildPhase section */
		3383B2811CE540A6003504F8 /* Resources */ = {
			isa = PBXResourcesBuildPhase;
			buildActionMask = 2147483647;
			files = (
				3383B2A11CE57B50003504F8 /* bite.wav in Resources */,
				3383B2A51CE57B50003504F8 /* cave-music.mp3 in Resources */,
				3383B2A31CE57B50003504F8 /* death.wav in Resources */,
				3383B2A41CE57B50003504F8 /* heart.wav in Resources */,
				3383B2911CE540A6003504F8 /* LaunchScreen.storyboard in Resources */,
				3383B28E1CE540A6003504F8 /* Assets.xcassets in Resources */,
				3383B28C1CE540A6003504F8 /* Main.storyboard in Resources */,
				3383B2A21CE57B50003504F8 /* skull.wav in Resources */,
			);
			runOnlyForDeploymentPostprocessing = 0;
		};
/* End PBXResourcesBuildPhase section */

/* Begin PBXSourcesBuildPhase section */
		3383B27F1CE540A6003504F8 /* Sources */ = {
			isa = PBXSourcesBuildPhase;
			buildActionMask = 2147483647;
			files = (
				3383B29B1CE56803003504F8 /* monsterImg.swift in Sources */,
				3383B2991CE54DA9003504F8 /* DragImg.swift in Sources */,
				3383B2891CE540A6003504F8 /* ViewController.swift in Sources */,
				3383B2871CE540A6003504F8 /* AppDelegate.swift in Sources */,
			);
			runOnlyForDeploymentPostprocessing = 0;
		};
/* End PBXSourcesBuildPhase section */

/* Begin PBXVariantGroup section */
		3383B28A1CE540A6003504F8 /* Main.storyboard */ = {
			isa = PBXVariantGroup;
			children = (
				3383B28B1CE540A6003504F8 /* Base */,
			);
			name = Main.storyboard;
			sourceTree = "<group>";
		};
		3383B28F1CE540A6003504F8 /* LaunchScreen.storyboard */ = {
			isa = PBXVariantGroup;
			children = (
				3383B2901CE540A6003504F8 /* Base */,
			);
			name = LaunchScreen.storyboard;
			sourceTree = "<group>";
		};
/* End PBXVariantGroup section */

/* Begin XCBuildConfiguration section */
		3383B2931CE540A6003504F8 /* Debug */ = {
			isa = XCBuildConfiguration;
			buildSettings = {
				ALWAYS_SEARCH_USER_PATHS = NO;
				CLANG_ANALYZER_NONNULL = YES;
				CLANG_CXX_LANGUAGE_STANDARD = "gnu++0x";
				CLANG_CXX_LIBRARY = "libc++";
				CLANG_ENABLE_MODULES = YES;
				CLANG_ENABLE_OBJC_ARC = YES;
				CLANG_WARN_BOOL_CONVERSION = YES;
				CLANG_WARN_CONSTANT_CONVERSION = YES;
				CLANG_WARN_DIRECT_OBJC_ISA_USAGE = YES_ERROR;
				CLANG_WARN_EMPTY_BODY = YES;
				CLANG_WARN_ENUM_CONVERSION = YES;
				CLANG_WARN_INT_CONVERSION = YES;
				CLANG_WARN_OBJC_ROOT_CLASS = YES_ERROR;
				CLANG_WARN_UNREACHABLE_CODE = YES;
				CLANG_WARN__DUPLICATE_METHOD_MATCH = YES;
				"CODE_SIGN_IDENTITY[sdk=iphoneos*]" = "iPhone Developer";
				COPY_PHASE_STRIP = NO;
				DEBUG_INFORMATION_FORMAT = dwarf;
				ENABLE_STRICT_OBJC_MSGSEND = YES;
				ENABLE_TESTABILITY = YES;
				GCC_C_LANGUAGE_STANDARD = gnu99;
				GCC_DYNAMIC_NO_PIC = NO;
				GCC_NO_COMMON_BLOCKS = YES;
				GCC_OPTIMIZATION_LEVEL = 0;
				GCC_PREPROCESSOR_DEFINITIONS = (
					"DEBUG=1",
					"$(inherited)",
				);
				GCC_WARN_64_TO_32_BIT_CONVERSION = YES;
				GCC_WARN_ABOUT_RETURN_TYPE = YES_ERROR;
				GCC_WARN_UNDECLARED_SELECTOR = YES;
				GCC_WARN_UNINITIALIZED_AUTOS = YES_AGGRESSIVE;
				GCC_WARN_UNUSED_FUNCTION = YES;
				GCC_WARN_UNUSED_VARIABLE = YES;
				IPHONEOS_DEPLOYMENT_TARGET = 9.3;
				MTL_ENABLE_DEBUG_INFO = YES;
				ONLY_ACTIVE_ARCH = YES;
				SDKROOT = iphoneos;
				SWIFT_OPTIMIZATION_LEVEL = "-Onone";
			};
			name = Debug;
		};
		3383B2941CE540A6003504F8 /* Release */ = {
			isa = XCBuildConfiguration;
			buildSettings = {
				ALWAYS_SEARCH_USER_PATHS = NO;
				CLANG_ANALYZER_NONNULL = YES;
				CLANG_CXX_LANGUAGE_STANDARD = "gnu++0x";
				CLANG_CXX_LIBRARY = "libc++";
				CLANG_ENABLE_MODULES = YES;
				CLANG_ENABLE_OBJC_ARC = YES;
				CLANG_WARN_BOOL_CONVERSION = YES;
				CLANG_WARN_CONSTANT_CONVERSION = YES;
				CLANG_WARN_DIRECT_OBJC_ISA_USAGE = YES_ERROR;
				CLANG_WARN_EMPTY_BODY = YES;
				CLANG_WARN_ENUM_CONVERSION = YES;
				CLANG_WARN_INT_CONVERSION = YES;
				CLANG_WARN_OBJC_ROOT_CLASS = YES_ERROR;
				CLANG_WARN_UNREACHABLE_CODE = YES;
				CLANG_WARN__DUPLICATE_METHOD_MATCH = YES;
				"CODE_SIGN_IDENTITY[sdk=iphoneos*]" = "iPhone Developer";
				COPY_PHASE_STRIP = NO;
				DEBUG_INFORMATION_FORMAT = "dwarf-with-dsym";
				ENABLE_NS_ASSERTIONS = NO;
				ENABLE_STRICT_OBJC_MSGSEND = YES;
				GCC_C_LANGUAGE_STANDARD = gnu99;
				GCC_NO_COMMON_BLOCKS = YES;
				GCC_WARN_64_TO_32_BIT_CONVERSION = YES;
				GCC_WARN_ABOUT_RETURN_TYPE = YES_ERROR;
				GCC_WARN_UNDECLARED_SELECTOR = YES;
				GCC_WARN_UNINITIALIZED_AUTOS = YES_AGGRESSIVE;
				GCC_WARN_UNUSED_FUNCTION = YES;
				GCC_WARN_UNUSED_VARIABLE = YES;
				IPHONEOS_DEPLOYMENT_TARGET = 9.3;
				MTL_ENABLE_DEBUG_INFO = NO;
				SDKROOT = iphoneos;
				VALIDATE_PRODUCT = YES;
			};
			name = Release;
		};
		3383B2961CE540A6003504F8 /* Debug */ = {
			isa = XCBuildConfiguration;
			buildSettings = {
				ASSETCATALOG_COMPILER_APPICON_NAME = AppIcon;
				INFOPLIST_FILE = mylittlemonster/Info.plist;
				LD_RUNPATH_SEARCH_PATHS = "$(inherited) @executable_path/Frameworks";
				PRODUCT_BUNDLE_IDENTIFIER = com.ellenshin.mylittlemonster;
				PRODUCT_NAME = "$(TARGET_NAME)";
				TARGETED_DEVICE_FAMILY = "1,2";
			};
			name = Debug;
		};
		3383B2971CE540A6003504F8 /* Release */ = {
			isa = XCBuildConfiguration;
			buildSettings = {
				ASSETCATALOG_COMPILER_APPICON_NAME = AppIcon;
				INFOPLIST_FILE = mylittlemonster/Info.plist;
				LD_RUNPATH_SEARCH_PATHS = "$(inherited) @executable_path/Frameworks";
				PRODUCT_BUNDLE_IDENTIFIER = com.ellenshin.mylittlemonster;
				PRODUCT_NAME = "$(TARGET_NAME)";
				TARGETED_DEVICE_FAMILY = "1,2";
			};
			name = Release;
		};
/* End XCBuildConfiguration section */

/* Begin XCConfigurationList section */
		3383B27E1CE540A6003504F8 /* Build configuration list for PBXProject "mylittlemonster" */ = {
			isa = XCConfigurationList;
			buildConfigurations = (
				3383B2931CE540A6003504F8 /* Debug */,
				3383B2941CE540A6003504F8 /* Release */,
			);
			defaultConfigurationIsVisible = 0;
			defaultConfigurationName = Release;
		};
		3383B2951CE540A6003504F8 /* Build configuration list for PBXNativeTarget "mylittlemonster" */ = {
			isa = XCConfigurationList;
			buildConfigurations = (
				3383B2961CE540A6003504F8 /* Debug */,
				3383B2971CE540A6003504F8 /* Release */,
			);
			defaultConfigurationIsVisible = 0;
		};
/* End XCConfigurationList section */
	};
	rootObject = 3383B27B1CE540A6003504F8 /* Project object */;
}
